
Microsoft Visual Studio Solution File, Format Version 12.00
# Visual Studio 15
VisualStudioVersion = 15.0.26124.0
MinimumVisualStudioVersion = 15.0.26124.0
Project("{FAE04EC0-301F-11D3-BF4B-00C04F79EFBC}") = "Enum.Generator.Cli", "Enum.Generator.Cli\Enum.Generator.Cli.csproj", "{2DEDC194-E7C4-4980-A416-2BE71D5F9798}"
EndProject
Project("{FAE04EC0-301F-11D3-BF4B-00C04F79EFBC}") = "Enum.Generator.GlobalTool", "Enum.Generator.GlobalTool\Enum.Generator.GlobalTool.csproj", "{96BACAC6-F28F-4EE1-BBD4-A204D143F176}"
EndProject
Project("{FAE04EC0-301F-11D3-BF4B-00C04F79EFBC}") = "Enum.Generator.Core", "Enum.Generator.Core\Enum.Generator.Core.csproj", "{F78E9B81-C585-4A25-A98E-5E1D14084049}"
EndProject
Project("{FAE04EC0-301F-11D3-BF4B-00C04F79EFBC}") = "Enum.Generator.Tests", "Enum.Generator.Tests\Enum.Generator.Tests.csproj", "{E6170A1E-CAE3-4EBD-B6BE-7939FE4DABF6}"
EndProject
Global
	GlobalSection(SolutionConfigurationPlatforms) = preSolution
		Debug|Any CPU = Debug|Any CPU
		Debug|x64 = Debug|x64
		Debug|x86 = Debug|x86
		Release|Any CPU = Release|Any CPU
		Release|x64 = Release|x64
		Release|x86 = Release|x86
	EndGlobalSection
	GlobalSection(SolutionProperties) = preSolution
		HideSolutionNode = FALSE
	EndGlobalSection
	GlobalSection(ProjectConfigurationPlatforms) = postSolution
		{2DEDC194-E7C4-4980-A416-2BE71D5F9798}.Debug|Any CPU.ActiveCfg = Debug|Any CPU
		{2DEDC194-E7C4-4980-A416-2BE71D5F9798}.Debug|Any CPU.Build.0 = Debug|Any CPU
		{2DEDC194-E7C4-4980-A416-2BE71D5F9798}.Debug|x64.ActiveCfg = Debug|Any CPU
		{2DEDC194-E7C4-4980-A416-2BE71D5F9798}.Debug|x64.Build.0 = Debug|Any CPU
		{2DEDC194-E7C4-4980-A416-2BE71D5F9798}.Debug|x86.ActiveCfg = Debug|Any CPU
		{2DEDC194-E7C4-4980-A416-2BE71D5F9798}.Debug|x86.Build.0 = Debug|Any CPU
		{2DEDC194-E7C4-4980-A416-2BE71D5F9798}.Release|Any CPU.ActiveCfg = Release|Any CPU
		{2DEDC194-E7C4-4980-A416-2BE71D5F9798}.Release|Any CPU.Build.0 = Release|Any CPU
		{2DEDC194-E7C4-4980-A416-2BE71D5F9798}.Release|x64.ActiveCfg = Release|Any CPU
		{2DEDC194-E7C4-4980-A416-2BE71D5F9798}.Release|x64.Build.0 = Release|Any CPU
		{2DEDC194-E7C4-4980-A416-2BE71D5F9798}.Release|x86.ActiveCfg = Release|Any CPU
		{2DEDC194-E7C4-4980-A416-2BE71D5F9798}.Release|x86.Build.0 = Release|Any CPU
		{96BACAC6-F28F-4EE1-BBD4-A204D143F176}.Debug|Any CPU.ActiveCfg = Debug|Any CPU
		{96BACAC6-F28F-4EE1-BBD4-A204D143F176}.Debug|Any CPU.Build.0 = Debug|Any CPU
		{96BACAC6-F28F-4EE1-BBD4-A204D143F176}.Debug|x64.ActiveCfg = Debug|Any CPU
		{96BACAC6-F28F-4EE1-BBD4-A204D143F176}.Debug|x64.Build.0 = Debug|Any CPU
		{96BACAC6-F28F-4EE1-BBD4-A204D143F176}.Debug|x86.ActiveCfg = Debug|Any CPU
		{96BACAC6-F28F-4EE1-BBD4-A204D143F176}.Debug|x86.Build.0 = Debug|Any CPU
		{96BACAC6-F28F-4EE1-BBD4-A204D143F176}.Release|Any CPU.ActiveCfg = Release|Any CPU
		{96BACAC6-F28F-4EE1-BBD4-A204D143F176}.Release|Any CPU.Build.0 = Release|Any CPU
		{96BACAC6-F28F-4EE1-BBD4-A204D143F176}.Release|x64.ActiveCfg = Release|Any CPU
		{96BACAC6-F28F-4EE1-BBD4-A204D143F176}.Release|x64.Build.0 = Release|Any CPU
		{96BACAC6-F28F-4EE1-BBD4-A204D143F176}.Release|x86.ActiveCfg = Release|Any CPU
		{96BACAC6-F28F-4EE1-BBD4-A204D143F176}.Release|x86.Build.0 = Release|Any CPU
		{F78E9B81-C585-4A25-A98E-5E1D14084049}.Debug|Any CPU.ActiveCfg = Debug|Any CPU
		{F78E9B81-C585-4A25-A98E-5E1D14084049}.Debug|Any CPU.Build.0 = Debug|Any CPU
		{F78E9B81-C585-4A25-A98E-5E1D14084049}.Debug|x64.ActiveCfg = Debug|Any CPU
		{F78E9B81-C585-4A25-A98E-5E1D14084049}.Debug|x64.Build.0 = Debug|Any CPU
		{F78E9B81-C585-4A25-A98E-5E1D14084049}.Debug|x86.ActiveCfg = Debug|Any CPU
		{F78E9B81-C585-4A25-A98E-5E1D14084049}.Debug|x86.Build.0 = Debug|Any CPU
		{F78E9B81-C585-4A25-A98E-5E1D14084049}.Release|Any CPU.ActiveCfg = Release|Any CPU
		{F78E9B81-C585-4A25-A98E-5E1D14084049}.Release|Any CPU.Build.0 = Release|Any CPU
		{F78E9B81-C585-4A25-A98E-5E1D14084049}.Release|x64.ActiveCfg = Release|Any CPU
		{F78E9B81-C585-4A25-A98E-5E1D14084049}.Release|x64.Build.0 = Release|Any CPU
		{F78E9B81-C585-4A25-A98E-5E1D14084049}.Release|x86.ActiveCfg = Release|Any CPU
		{F78E9B81-C585-4A25-A98E-5E1D14084049}.Release|x86.Build.0 = Release|Any CPU
		{E6170A1E-CAE3-4EBD-B6BE-7939FE4DABF6}.Debug|Any CPU.ActiveCfg = Debug|Any CPU
		{E6170A1E-CAE3-4EBD-B6BE-7939FE4DABF6}.Debug|Any CPU.Build.0 = Debug|Any CPU
		{E6170A1E-CAE3-4EBD-B6BE-7939FE4DABF6}.Debug|x64.ActiveCfg = Debug|Any CPU
		{E6170A1E-CAE3-4EBD-B6BE-7939FE4DABF6}.Debug|x64.Build.0 = Debug|Any CPU
		{E6170A1E-CAE3-4EBD-B6BE-7939FE4DABF6}.Debug|x86.ActiveCfg = Debug|Any CPU
		{E6170A1E-CAE3-4EBD-B6BE-7939FE4DABF6}.Debug|x86.Build.0 = Debug|Any CPU
		{E6170A1E-CAE3-4EBD-B6BE-7939FE4DABF6}.Release|Any CPU.ActiveCfg = Release|Any CPU
		{E6170A1E-CAE3-4EBD-B6BE-7939FE4DABF6}.Release|Any CPU.Build.0 = Release|Any CPU
		{E6170A1E-CAE3-4EBD-B6BE-7939FE4DABF6}.Release|x64.ActiveCfg = Release|Any CPU
		{E6170A1E-CAE3-4EBD-B6BE-7939FE4DABF6}.Release|x64.Build.0 = Release|Any CPU
		{E6170A1E-CAE3-4EBD-B6BE-7939FE4DABF6}.Release|x86.ActiveCfg = Release|Any CPU
		{E6170A1E-CAE3-4EBD-B6BE-7939FE4DABF6}.Release|x86.Build.0 = Release|Any CPU
	EndGlobalSection
EndGlobal
